// !$*UTF8*$!
{
	archiveVersion = 1;
	classes = {
	};
	objectVersion = 52;
	objects = {

/* Begin PBXBuildFile section */
		3CD7FDC9A1AB22258C6F8784 /* Pods_SAPHanaUsers.framework in Frameworks */ = {isa = PBXBuildFile; fileRef = A7FBC3E041A6D978D0696327 /* Pods_SAPHanaUsers.framework */; };
		AB4D1AAE24BF488600127361 /* AppDelegate.swift in Sources */ = {isa = PBXBuildFile; fileRef = AB4D1AAD24BF488600127361 /* AppDelegate.swift */; };
		AB4D1AB024BF488600127361 /* SceneDelegate.swift in Sources */ = {isa = PBXBuildFile; fileRef = AB4D1AAF24BF488600127361 /* SceneDelegate.swift */; };
		AB4D1AB524BF488600127361 /* Main.storyboard in Resources */ = {isa = PBXBuildFile; fileRef = AB4D1AB324BF488600127361 /* Main.storyboard */; };
		AB4D1AB724BF488900127361 /* Assets.xcassets in Resources */ = {isa = PBXBuildFile; fileRef = AB4D1AB624BF488900127361 /* Assets.xcassets */; };
		AB4D1ABA24BF488900127361 /* LaunchScreen.storyboard in Resources */ = {isa = PBXBuildFile; fileRef = AB4D1AB824BF488900127361 /* LaunchScreen.storyboard */; };
		AB4D1AC724BF4F9E00127361 /* SAPCommon.xcframework in Frameworks */ = {isa = PBXBuildFile; fileRef = AB4D1AC424BF4F9200127361 /* SAPCommon.xcframework */; };
		AB4D1AC824BF4FA100127361 /* SAPFoundation.xcframework in Frameworks */ = {isa = PBXBuildFile; fileRef = AB4D1AC324BF4F9200127361 /* SAPFoundation.xcframework */; };
		AB4D1AC924BF4FA500127361 /* SAPOData.xcframework in Frameworks */ = {isa = PBXBuildFile; fileRef = AB4D1AC124BF4F8600127361 /* SAPOData.xcframework */; };
		AB4D1AD124BF504600127361 /* SAPService.swift in Sources */ = {isa = PBXBuildFile; fileRef = AB4D1ACD24BF504600127361 /* SAPService.swift */; };
		AB4D1AD224BF504600127361 /* ConstantOrVariables.swift in Sources */ = {isa = PBXBuildFile; fileRef = AB4D1ACE24BF504600127361 /* ConstantOrVariables.swift */; };
		AB4D1AD324BF504600127361 /* GeoFuncs.swift in Sources */ = {isa = PBXBuildFile; fileRef = AB4D1ACF24BF504600127361 /* GeoFuncs.swift */; };
		AB4D1AD424BF504600127361 /* GeneralClass.swift in Sources */ = {isa = PBXBuildFile; fileRef = AB4D1AD024BF504600127361 /* GeneralClass.swift */; };
		AB4D1AE724BF526600127361 /* ButtonDesign.swift in Sources */ = {isa = PBXBuildFile; fileRef = AB4D1AD924BF507A00127361 /* ButtonDesign.swift */; };
		AB4D1AE824BF526A00127361 /* CountryCell.swift in Sources */ = {isa = PBXBuildFile; fileRef = AB4D1AD624BF507A00127361 /* CountryCell.swift */; };
		AB4D1AE924BF526F00127361 /* EmployeeCell.swift in Sources */ = {isa = PBXBuildFile; fileRef = AB4D1AD524BF507A00127361 /* EmployeeCell.swift */; };
		AB4D1AEA24BF527400127361 /* SearchUI.swift in Sources */ = {isa = PBXBuildFile; fileRef = AB4D1AD724BF507A00127361 /* SearchUI.swift */; };
		AB4D1AEB24BF527700127361 /* TextDesign.swift in Sources */ = {isa = PBXBuildFile; fileRef = AB4D1AD824BF507A00127361 /* TextDesign.swift */; };
		AB4D1AEC24BF527B00127361 /* CountrySearchVC.swift in Sources */ = {isa = PBXBuildFile; fileRef = AB4D1AE124BF50B800127361 /* CountrySearchVC.swift */; };
		AB4D1AED24BF527F00127361 /* EmployeeDetails.swift in Sources */ = {isa = PBXBuildFile; fileRef = AB4D1AE024BF50B800127361 /* EmployeeDetails.swift */; };
		AB4D1AEE24BF528200127361 /* NewUpdateEmployeeVC.swift in Sources */ = {isa = PBXBuildFile; fileRef = AB4D1AE224BF50B800127361 /* NewUpdateEmployeeVC.swift */; };
		AB4D1AEF24BF528700127361 /* Main.swift in Sources */ = {isa = PBXBuildFile; fileRef = AB4D1AB124BF488600127361 /* Main.swift */; };
		AB4D1AF324BF9BA900127361 /* CitySearchVC.swift in Sources */ = {isa = PBXBuildFile; fileRef = AB4D1AF224BF9BA900127361 /* CitySearchVC.swift */; };
		AB4D1AF524BF9BE700127361 /* CityCell.swift in Sources */ = {isa = PBXBuildFile; fileRef = AB4D1AF424BF9BE700127361 /* CityCell.swift */; };
		AB4D1AF724C09E3000127361 /* ImageDesign.swift in Sources */ = {isa = PBXBuildFile; fileRef = AB4D1AF624C09E3000127361 /* ImageDesign.swift */; };
/* End PBXBuildFile section */

/* Begin PBXFileReference section */
		8FF198EC099F64ACAA20C79A /* Pods-SAPHanaUsers.debug.xcconfig */ = {isa = PBXFileReference; includeInIndex = 1; lastKnownFileType = text.xcconfig; name = "Pods-SAPHanaUsers.debug.xcconfig"; path = "Pods/Target Support Files/Pods-SAPHanaUsers/Pods-SAPHanaUsers.debug.xcconfig"; sourceTree = "<group>"; };
		95B99EA826A5F0B1C88521BB /* Pods-SAPHanaUsers.release.xcconfig */ = {isa = PBXFileReference; includeInIndex = 1; lastKnownFileType = text.xcconfig; name = "Pods-SAPHanaUsers.release.xcconfig"; path = "Pods/Target Support Files/Pods-SAPHanaUsers/Pods-SAPHanaUsers.release.xcconfig"; sourceTree = "<group>"; };
		A7FBC3E041A6D978D0696327 /* Pods_SAPHanaUsers.framework */ = {isa = PBXFileReference; explicitFileType = wrapper.framework; includeInIndex = 0; path = Pods_SAPHanaUsers.framework; sourceTree = BUILT_PRODUCTS_DIR; };
		AB4D1AAA24BF488600127361 /* SAPHanaUsers.app */ = {isa = PBXFileReference; explicitFileType = wrapper.application; includeInIndex = 0; path = SAPHanaUsers.app; sourceTree = BUILT_PRODUCTS_DIR; };
		AB4D1AAD24BF488600127361 /* AppDelegate.swift */ = {isa = PBXFileReference; lastKnownFileType = sourcecode.swift; path = AppDelegate.swift; sourceTree = "<group>"; };
		AB4D1AAF24BF488600127361 /* SceneDelegate.swift */ = {isa = PBXFileReference; lastKnownFileType = sourcecode.swift; path = SceneDelegate.swift; sourceTree = "<group>"; };
		AB4D1AB124BF488600127361 /* Main.swift */ = {isa = PBXFileReference; lastKnownFileType = sourcecode.swift; path = Main.swift; sourceTree = "<group>"; };
		AB4D1AB424BF488600127361 /* Base */ = {isa = PBXFileReference; lastKnownFileType = file.storyboard; name = Base; path = Base.lproj/Main.storyboard; sourceTree = "<group>"; };
		AB4D1AB624BF488900127361 /* Assets.xcassets */ = {isa = PBXFileReference; lastKnownFileType = folder.assetcatalog; path = Assets.xcassets; sourceTree = "<group>"; };
		AB4D1AB924BF488900127361 /* Base */ = {isa = PBXFileReference; lastKnownFileType = file.storyboard; name = Base; path = Base.lproj/LaunchScreen.storyboard; sourceTree = "<group>"; };
		AB4D1ABB24BF488900127361 /* Info.plist */ = {isa = PBXFileReference; lastKnownFileType = text.plist.xml; path = Info.plist; sourceTree = "<group>"; };
		AB4D1AC124BF4F8600127361 /* SAPOData.xcframework */ = {isa = PBXFileReference; lastKnownFileType = wrapper.xcframework; path = SAPOData.xcframework; sourceTree = "<group>"; };
		AB4D1AC324BF4F9200127361 /* SAPFoundation.xcframework */ = {isa = PBXFileReference; lastKnownFileType = wrapper.xcframework; path = SAPFoundation.xcframework; sourceTree = "<group>"; };
		AB4D1AC424BF4F9200127361 /* SAPCommon.xcframework */ = {isa = PBXFileReference; lastKnownFileType = wrapper.xcframework; path = SAPCommon.xcframework; sourceTree = "<group>"; };
		AB4D1ACD24BF504600127361 /* SAPService.swift */ = {isa = PBXFileReference; fileEncoding = 4; lastKnownFileType = sourcecode.swift; path = SAPService.swift; sourceTree = "<group>"; };
		AB4D1ACE24BF504600127361 /* ConstantOrVariables.swift */ = {isa = PBXFileReference; fileEncoding = 4; lastKnownFileType = sourcecode.swift; path = ConstantOrVariables.swift; sourceTree = "<group>"; };
		AB4D1ACF24BF504600127361 /* GeoFuncs.swift */ = {isa = PBXFileReference; fileEncoding = 4; lastKnownFileType = sourcecode.swift; path = GeoFuncs.swift; sourceTree = "<group>"; };
		AB4D1AD024BF504600127361 /* GeneralClass.swift */ = {isa = PBXFileReference; fileEncoding = 4; lastKnownFileType = sourcecode.swift; path = GeneralClass.swift; sourceTree = "<group>"; };
		AB4D1AD524BF507A00127361 /* EmployeeCell.swift */ = {isa = PBXFileReference; fileEncoding = 4; lastKnownFileType = sourcecode.swift; path = EmployeeCell.swift; sourceTree = "<group>"; };
		AB4D1AD624BF507A00127361 /* CountryCell.swift */ = {isa = PBXFileReference; fileEncoding = 4; lastKnownFileType = sourcecode.swift; path = CountryCell.swift; sourceTree = "<group>"; };
		AB4D1AD724BF507A00127361 /* SearchUI.swift */ = {isa = PBXFileReference; fileEncoding = 4; lastKnownFileType = sourcecode.swift; path = SearchUI.swift; sourceTree = "<group>"; };
		AB4D1AD824BF507A00127361 /* TextDesign.swift */ = {isa = PBXFileReference; fileEncoding = 4; lastKnownFileType = sourcecode.swift; path = TextDesign.swift; sourceTree = "<group>"; };
		AB4D1AD924BF507A00127361 /* ButtonDesign.swift */ = {isa = PBXFileReference; fileEncoding = 4; lastKnownFileType = sourcecode.swift; path = ButtonDesign.swift; sourceTree = "<group>"; };
		AB4D1AE024BF50B800127361 /* EmployeeDetails.swift */ = {isa = PBXFileReference; fileEncoding = 4; lastKnownFileType = sourcecode.swift; path = EmployeeDetails.swift; sourceTree = "<group>"; };
		AB4D1AE124BF50B800127361 /* CountrySearchVC.swift */ = {isa = PBXFileReference; fileEncoding = 4; lastKnownFileType = sourcecode.swift; path = CountrySearchVC.swift; sourceTree = "<group>"; };
		AB4D1AE224BF50B800127361 /* NewUpdateEmployeeVC.swift */ = {isa = PBXFileReference; fileEncoding = 4; lastKnownFileType = sourcecode.swift; path = NewUpdateEmployeeVC.swift; sourceTree = "<group>"; };
		AB4D1AF224BF9BA900127361 /* CitySearchVC.swift */ = {isa = PBXFileReference; lastKnownFileType = sourcecode.swift; path = CitySearchVC.swift; sourceTree = "<group>"; };
		AB4D1AF424BF9BE700127361 /* CityCell.swift */ = {isa = PBXFileReference; lastKnownFileType = sourcecode.swift; path = CityCell.swift; sourceTree = "<group>"; };
		AB4D1AF624C09E3000127361 /* ImageDesign.swift */ = {isa = PBXFileReference; lastKnownFileType = sourcecode.swift; path = ImageDesign.swift; sourceTree = "<group>"; };
/* End PBXFileReference section */

/* Begin PBXFrameworksBuildPhase section */
		AB4D1AA724BF488600127361 /* Frameworks */ = {
			isa = PBXFrameworksBuildPhase;
			buildActionMask = 2147483647;
			files = (
				AB4D1AC924BF4FA500127361 /* SAPOData.xcframework in Frameworks */,
				AB4D1AC724BF4F9E00127361 /* SAPCommon.xcframework in Frameworks */,
				3CD7FDC9A1AB22258C6F8784 /* Pods_SAPHanaUsers.framework in Frameworks */,
				AB4D1AC824BF4FA100127361 /* SAPFoundation.xcframework in Frameworks */,
			);
			runOnlyForDeploymentPostprocessing = 0;
		};
/* End PBXFrameworksBuildPhase section */

/* Begin PBXGroup section */
		935F0D01201706FDBD3BFD2D /* Frameworks */ = {
			isa = PBXGroup;
			children = (
				AB4D1AC424BF4F9200127361 /* SAPCommon.xcframework */,
				AB4D1AC324BF4F9200127361 /* SAPFoundation.xcframework */,
				AB4D1AC124BF4F8600127361 /* SAPOData.xcframework */,
				A7FBC3E041A6D978D0696327 /* Pods_SAPHanaUsers.framework */,
			);
			name = Frameworks;
			sourceTree = "<group>";
		};
		AB4D1AA124BF488600127361 = {
			isa = PBXGroup;
			children = (
				AB4D1AAC24BF488600127361 /* SAPHanaUsers */,
				AB4D1AAB24BF488600127361 /* Products */,
				F4FB2207CD7F39AD53FD41B7 /* Pods */,
				935F0D01201706FDBD3BFD2D /* Frameworks */,
			);
			sourceTree = "<group>";
		};
		AB4D1AAB24BF488600127361 /* Products */ = {
			isa = PBXGroup;
			children = (
				AB4D1AAA24BF488600127361 /* SAPHanaUsers.app */,
			);
			name = Products;
			sourceTree = "<group>";
		};
		AB4D1AAC24BF488600127361 /* SAPHanaUsers */ = {
			isa = PBXGroup;
			children = (
				AB4D1ACC24BF4FE600127361 /* Others */,
				AB4D1ACB24BF4FDD00127361 /* View */,
				AB4D1ACA24BF4FCD00127361 /* Controller */,
				AB4D1AAD24BF488600127361 /* AppDelegate.swift */,
				AB4D1AAF24BF488600127361 /* SceneDelegate.swift */,
				AB4D1AB324BF488600127361 /* Main.storyboard */,
				AB4D1AB624BF488900127361 /* Assets.xcassets */,
				AB4D1AB824BF488900127361 /* LaunchScreen.storyboard */,
				AB4D1ABB24BF488900127361 /* Info.plist */,
			);
			path = SAPHanaUsers;
			sourceTree = "<group>";
		};
		AB4D1ACA24BF4FCD00127361 /* Controller */ = {
			isa = PBXGroup;
			children = (
				AB4D1AE124BF50B800127361 /* CountrySearchVC.swift */,
				AB4D1AE024BF50B800127361 /* EmployeeDetails.swift */,
				AB4D1AE224BF50B800127361 /* NewUpdateEmployeeVC.swift */,
				AB4D1AB124BF488600127361 /* Main.swift */,
				AB4D1AF224BF9BA900127361 /* CitySearchVC.swift */,
			);
			path = Controller;
			sourceTree = "<group>";
		};
		AB4D1ACB24BF4FDD00127361 /* View */ = {
			isa = PBXGroup;
			children = (
				AB4D1AD924BF507A00127361 /* ButtonDesign.swift */,
				AB4D1AD624BF507A00127361 /* CountryCell.swift */,
				AB4D1AD524BF507A00127361 /* EmployeeCell.swift */,
				AB4D1AD724BF507A00127361 /* SearchUI.swift */,
				AB4D1AD824BF507A00127361 /* TextDesign.swift */,
				AB4D1AF424BF9BE700127361 /* CityCell.swift */,
				AB4D1AF624C09E3000127361 /* ImageDesign.swift */,
			);
			path = View;
			sourceTree = "<group>";
		};
		AB4D1ACC24BF4FE600127361 /* Others */ = {
			isa = PBXGroup;
			children = (
				AB4D1ACE24BF504600127361 /* ConstantOrVariables.swift */,
				AB4D1AD024BF504600127361 /* GeneralClass.swift */,
				AB4D1ACF24BF504600127361 /* GeoFuncs.swift */,
				AB4D1ACD24BF504600127361 /* SAPService.swift */,
			);
			path = Others;
			sourceTree = "<group>";
		};
		F4FB2207CD7F39AD53FD41B7 /* Pods */ = {
			isa = PBXGroup;
			children = (
				8FF198EC099F64ACAA20C79A /* Pods-SAPHanaUsers.debug.xcconfig */,
				95B99EA826A5F0B1C88521BB /* Pods-SAPHanaUsers.release.xcconfig */,
			);
			name = Pods;
			sourceTree = "<group>";
		};
/* End PBXGroup section */

/* Begin PBXNativeTarget section */
		AB4D1AA924BF488600127361 /* SAPHanaUsers */ = {
			isa = PBXNativeTarget;
			buildConfigurationList = AB4D1ABE24BF488900127361 /* Build configuration list for PBXNativeTarget "SAPHanaUsers" */;
			buildPhases = (
				730AB8B8954F35B41C811E84 /* [CP] Check Pods Manifest.lock */,
				AB4D1AA624BF488600127361 /* Sources */,
				AB4D1AA724BF488600127361 /* Frameworks */,
				AB4D1AA824BF488600127361 /* Resources */,
				1A477A2EA5AFA29880EB0712 /* [CP] Embed Pods Frameworks */,
			);
			buildRules = (
			);
			dependencies = (
			);
			name = SAPHanaUsers;
			productName = SAPHanaUsers;
			productReference = AB4D1AAA24BF488600127361 /* SAPHanaUsers.app */;
			productType = "com.apple.product-type.application";
		};
/* End PBXNativeTarget section */

/* Begin PBXProject section */
		AB4D1AA224BF488600127361 /* Project object */ = {
			isa = PBXProject;
			attributes = {
				LastSwiftUpdateCheck = 1150;
				LastUpgradeCheck = 1150;
				ORGANIZATIONNAME = Praveer;
				TargetAttributes = {
					AB4D1AA924BF488600127361 = {
						CreatedOnToolsVersion = 11.5;
					};
				};
			};
			buildConfigurationList = AB4D1AA524BF488600127361 /* Build configuration list for PBXProject "SAPHanaUsers" */;
			compatibilityVersion = "Xcode 9.3";
			developmentRegion = en;
			hasScannedForEncodings = 0;
			knownRegions = (
				en,
				Base,
			);
			mainGroup = AB4D1AA124BF488600127361;
			productRefGroup = AB4D1AAB24BF488600127361 /* Products */;
			projectDirPath = "";
			projectRoot = "";
			targets = (
				AB4D1AA924BF488600127361 /* SAPHanaUsers */,
			);
		};
/* End PBXProject section */

/* Begin PBXResourcesBuildPhase section */
		AB4D1AA824BF488600127361 /* Resources */ = {
			isa = PBXResourcesBuildPhase;
			buildActionMask = 2147483647;
			files = (
				AB4D1ABA24BF488900127361 /* LaunchScreen.storyboard in Resources */,
				AB4D1AB724BF488900127361 /* Assets.xcassets in Resources */,
				AB4D1AB524BF488600127361 /* Main.storyboard in Resources */,
			);
			runOnlyForDeploymentPostprocessing = 0;
		};
/* End PBXResourcesBuildPhase section */

/* Begin PBXShellScriptBuildPhase section */
		1A477A2EA5AFA29880EB0712 /* [CP] Embed Pods Frameworks */ = {
			isa = PBXShellScriptBuildPhase;
			buildActionMask = 2147483647;
			files = (
			);
			inputPaths = (
				"${SRCROOT}/Pods/Target Support Files/Pods-SAPHanaUsers/Pods-SAPHanaUsers-frameworks.sh",
				"${BUILT_PRODUCTS_DIR}/SwiftSVG/SwiftSVG.framework",
			);
			name = "[CP] Embed Pods Frameworks";
			outputPaths = (
				"${TARGET_BUILD_DIR}/${FRAMEWORKS_FOLDER_PATH}/SwiftSVG.framework",
			);
			runOnlyForDeploymentPostprocessing = 0;
			shellPath = /bin/sh;
			shellScript = "\"${SRCROOT}/Pods/Target Support Files/Pods-SAPHanaUsers/Pods-SAPHanaUsers-frameworks.sh\"\n";
			showEnvVarsInLog = 0;
		};
		730AB8B8954F35B41C811E84 /* [CP] Check Pods Manifest.lock */ = {
			isa = PBXShellScriptBuildPhase;
			buildActionMask = 2147483647;
			files = (
			);
			inputPaths = (
				"${PODS_PODFILE_DIR_PATH}/Podfile.lock",
				"${PODS_ROOT}/Manifest.lock",
			);
			name = "[CP] Check Pods Manifest.lock";
			outputPaths = (
				"$(DERIVED_FILE_DIR)/Pods-SAPHanaUsers-checkManifestLockResult.txt",
			);
			runOnlyForDeploymentPostprocessing = 0;
			shellPath = /bin/sh;
			shellScript = "diff \"${PODS_PODFILE_DIR_PATH}/Podfile.lock\" \"${PODS_ROOT}/Manifest.lock\" > /dev/null\nif [ $? != 0 ] ; then\n    # print error to STDERR\n    echo \"error: The sandbox is not in sync with the Podfile.lock. Run 'pod install' or update your CocoaPods installation.\" >&2\n    exit 1\nfi\n# This output is used by Xcode 'outputs' to avoid re-running this script phase.\necho \"SUCCESS\" > \"${SCRIPT_OUTPUT_FILE_0}\"\n";
			showEnvVarsInLog = 0;
		};
/* End PBXShellScriptBuildPhase section */

/* Begin PBXSourcesBuildPhase section */
		AB4D1AA624BF488600127361 /* Sources */ = {
			isa = PBXSourcesBuildPhase;
			buildActionMask = 2147483647;
			files = (
				AB4D1AEF24BF528700127361 /* Main.swift in Sources */,
				AB4D1AD224BF504600127361 /* ConstantOrVariables.swift in Sources */,
				AB4D1AD424BF504600127361 /* GeneralClass.swift in Sources */,
				AB4D1AE824BF526A00127361 /* CountryCell.swift in Sources */,
				AB4D1AD124BF504600127361 /* SAPService.swift in Sources */,
				AB4D1AF324BF9BA900127361 /* CitySearchVC.swift in Sources */,
				AB4D1AEE24BF528200127361 /* NewUpdateEmployeeVC.swift in Sources */,
				AB4D1AF724C09E3000127361 /* ImageDesign.swift in Sources */,
				AB4D1AEC24BF527B00127361 /* CountrySearchVC.swift in Sources */,
				AB4D1AEA24BF527400127361 /* SearchUI.swift in Sources */,
				AB4D1AED24BF527F00127361 /* EmployeeDetails.swift in Sources */,
				AB4D1AAE24BF488600127361 /* AppDelegate.swift in Sources */,
				AB4D1AF524BF9BE700127361 /* CityCell.swift in Sources */,
				AB4D1AE924BF526F00127361 /* EmployeeCell.swift in Sources */,
				AB4D1AEB24BF527700127361 /* TextDesign.swift in Sources */,
				AB4D1AE724BF526600127361 /* ButtonDesign.swift in Sources */,
				AB4D1AB024BF488600127361 /* SceneDelegate.swift in Sources */,
				AB4D1AD324BF504600127361 /* GeoFuncs.swift in Sources */,
			);
			runOnlyForDeploymentPostprocessing = 0;
		};
/* End PBXSourcesBuildPhase section */

/* Begin PBXVariantGroup section */
		AB4D1AB324BF488600127361 /* Main.storyboard */ = {
			isa = PBXVariantGroup;
			children = (
				AB4D1AB424BF488600127361 /* Base */,
			);
			name = Main.storyboard;
			sourceTree = "<group>";
		};
		AB4D1AB824BF488900127361 /* LaunchScreen.storyboard */ = {
			isa = PBXVariantGroup;
			children = (
				AB4D1AB924BF488900127361 /* Base */,
			);
			name = LaunchScreen.storyboard;
			sourceTree = "<group>";
		};
/* End PBXVariantGroup section */

/* Begin XCBuildConfiguration section */
		AB4D1ABC24BF488900127361 /* Debug */ = {
			isa = XCBuildConfiguration;
			buildSettings = {
				ALWAYS_SEARCH_USER_PATHS = NO;
				CLANG_ANALYZER_NONNULL = YES;
				CLANG_ANALYZER_NUMBER_OBJECT_CONVERSION = YES_AGGRESSIVE;
				CLANG_CXX_LANGUAGE_STANDARD = "gnu++14";
				CLANG_CXX_LIBRARY = "libc++";
				CLANG_ENABLE_MODULES = YES;
				CLANG_ENABLE_OBJC_ARC = YES;
				CLANG_ENABLE_OBJC_WEAK = YES;
				CLANG_WARN_BLOCK_CAPTURE_AUTORELEASING = YES;
				CLANG_WARN_BOOL_CONVERSION = YES;
				CLANG_WARN_COMMA = YES;
				CLANG_WARN_CONSTANT_CONVERSION = YES;
				CLANG_WARN_DEPRECATED_OBJC_IMPLEMENTATIONS = YES;
				CLANG_WARN_DIRECT_OBJC_ISA_USAGE = YES_ERROR;
				CLANG_WARN_DOCUMENTATION_COMMENTS = YES;
				CLANG_WARN_EMPTY_BODY = YES;
				CLANG_WARN_ENUM_CONVERSION = YES;
				CLANG_WARN_INFINITE_RECURSION = YES;
				CLANG_WARN_INT_CONVERSION = YES;
				CLANG_WARN_NON_LITERAL_NULL_CONVERSION = YES;
				CLANG_WARN_OBJC_IMPLICIT_RETAIN_SELF = YES;
				CLANG_WARN_OBJC_LITERAL_CONVERSION = YES;
				CLANG_WARN_OBJC_ROOT_CLASS = YES_ERROR;
				CLANG_WARN_RANGE_LOOP_ANALYSIS = YES;
				CLANG_WARN_STRICT_PROTOTYPES = YES;
				CLANG_WARN_SUSPICIOUS_MOVE = YES;
				CLANG_WARN_UNGUARDED_AVAILABILITY = YES_AGGRESSIVE;
				CLANG_WARN_UNREACHABLE_CODE = YES;
				CLANG_WARN__DUPLICATE_METHOD_MATCH = YES;
				COPY_PHASE_STRIP = NO;
				DEBUG_INFORMATION_FORMAT = dwarf;
				ENABLE_STRICT_OBJC_MSGSEND = YES;
				ENABLE_TESTABILITY = YES;
				GCC_C_LANGUAGE_STANDARD = gnu11;
				GCC_DYNAMIC_NO_PIC = NO;
				GCC_NO_COMMON_BLOCKS = YES;
				GCC_OPTIMIZATION_LEVEL = 0;
				GCC_PREPROCESSOR_DEFINITIONS = (
					"DEBUG=1",
					"$(inherited)",
				);
				GCC_WARN_64_TO_32_BIT_CONVERSION = YES;
				GCC_WARN_ABOUT_RETURN_TYPE = YES_ERROR;
				GCC_WARN_UNDECLARED_SELECTOR = YES;
				GCC_WARN_UNINITIALIZED_AUTOS = YES_AGGRESSIVE;
				GCC_WARN_UNUSED_FUNCTION = YES;
				GCC_WARN_UNUSED_VARIABLE = YES;
				IPHONEOS_DEPLOYMENT_TARGET = 13.5;
				MTL_ENABLE_DEBUG_INFO = INCLUDE_SOURCE;
				MTL_FAST_MATH = YES;
				ONLY_ACTIVE_ARCH = YES;
				SDKROOT = iphoneos;
				SWIFT_ACTIVE_COMPILATION_CONDITIONS = DEBUG;
				SWIFT_OPTIMIZATION_LEVEL = "-Onone";
			};
			name = Debug;
		};
		AB4D1ABD24BF488900127361 /* Release */ = {
			isa = XCBuildConfiguration;
			buildSettings = {
				ALWAYS_SEARCH_USER_PATHS = NO;
				CLANG_ANALYZER_NONNULL = YES;
				CLANG_ANALYZER_NUMBER_OBJECT_CONVERSION = YES_AGGRESSIVE;
				CLANG_CXX_LANGUAGE_STANDARD = "gnu++14";
				CLANG_CXX_LIBRARY = "libc++";
				CLANG_ENABLE_MODULES = YES;
				CLANG_ENABLE_OBJC_ARC = YES;
				CLANG_ENABLE_OBJC_WEAK = YES;
				CLANG_WARN_BLOCK_CAPTURE_AUTORELEASING = YES;
				CLANG_WARN_BOOL_CONVERSION = YES;
				CLANG_WARN_COMMA = YES;
				CLANG_WARN_CONSTANT_CONVERSION = YES;
				CLANG_WARN_DEPRECATED_OBJC_IMPLEMENTATIONS = YES;
				CLANG_WARN_DIRECT_OBJC_ISA_USAGE = YES_ERROR;
				CLANG_WARN_DOCUMENTATION_COMMENTS = YES;
				CLANG_WARN_EMPTY_BODY = YES;
				CLANG_WARN_ENUM_CONVERSION = YES;
				CLANG_WARN_INFINITE_RECURSION = YES;
				CLANG_WARN_INT_CONVERSION = YES;
				CLANG_WARN_NON_LITERAL_NULL_CONVERSION = YES;
				CLANG_WARN_OBJC_IMPLICIT_RETAIN_SELF = YES;
				CLANG_WARN_OBJC_LITERAL_CONVERSION = YES;
				CLANG_WARN_OBJC_ROOT_CLASS = YES_ERROR;
				CLANG_WARN_RANGE_LOOP_ANALYSIS = YES;
				CLANG_WARN_STRICT_PROTOTYPES = YES;
				CLANG_WARN_SUSPICIOUS_MOVE = YES;
				CLANG_WARN_UNGUARDED_AVAILABILITY = YES_AGGRESSIVE;
				CLANG_WARN_UNREACHABLE_CODE = YES;
				CLANG_WARN__DUPLICATE_METHOD_MATCH = YES;
				COPY_PHASE_STRIP = NO;
				DEBUG_INFORMATION_FORMAT = "dwarf-with-dsym";
				ENABLE_NS_ASSERTIONS = NO;
				ENABLE_STRICT_OBJC_MSGSEND = YES;
				GCC_C_LANGUAGE_STANDARD = gnu11;
				GCC_NO_COMMON_BLOCKS = YES;
				GCC_WARN_64_TO_32_BIT_CONVERSION = YES;
				GCC_WARN_ABOUT_RETURN_TYPE = YES_ERROR;
				GCC_WARN_UNDECLARED_SELECTOR = YES;
				GCC_WARN_UNINITIALIZED_AUTOS = YES_AGGRESSIVE;
				GCC_WARN_UNUSED_FUNCTION = YES;
				GCC_WARN_UNUSED_VARIABLE = YES;
				IPHONEOS_DEPLOYMENT_TARGET = 13.5;
				MTL_ENABLE_DEBUG_INFO = NO;
				MTL_FAST_MATH = YES;
				SDKROOT = iphoneos;
				SWIFT_COMPILATION_MODE = wholemodule;
				SWIFT_OPTIMIZATION_LEVEL = "-O";
				VALIDATE_PRODUCT = YES;
			};
			name = Release;
		};
		AB4D1ABF24BF488900127361 /* Debug */ = {
			isa = XCBuildConfiguration;
			baseConfigurationReference = 8FF198EC099F64ACAA20C79A /* Pods-SAPHanaUsers.debug.xcconfig */;
			buildSettings = {
				ASSETCATALOG_COMPILER_APPICON_NAME = AppIcon;
				CODE_SIGN_STYLE = Automatic;
				INFOPLIST_FILE = SAPHanaUsers/Info.plist;
				LD_RUNPATH_SEARCH_PATHS = (
					"$(inherited)",
					"@executable_path/Frameworks",
				);
				PRODUCT_BUNDLE_IDENTIFIER = com.iosprv.SAPHanaUsers;
				PRODUCT_NAME = "$(TARGET_NAME)";
				SWIFT_VERSION = 5.0;
				TARGETED_DEVICE_FAMILY = "1,2";
			};
			name = Debug;
		};
		AB4D1AC024BF488900127361 /* Release */ = {
			isa = XCBuildConfiguration;
			baseConfigurationReference = 95B99EA826A5F0B1C88521BB /* Pods-SAPHanaUsers.release.xcconfig */;
			buildSettings = {
				ASSETCATALOG_COMPILER_APPICON_NAME = AppIcon;
				CODE_SIGN_STYLE = Automatic;
				INFOPLIST_FILE = SAPHanaUsers/Info.plist;
				LD_RUNPATH_SEARCH_PATHS = (
					"$(inherited)",
					"@executable_path/Frameworks",
				);
				PRODUCT_BUNDLE_IDENTIFIER = com.iosprv.SAPHanaUsers;
				PRODUCT_NAME = "$(TARGET_NAME)";
				SWIFT_VERSION = 5.0;
				TARGETED_DEVICE_FAMILY = "1,2";
			};
			name = Release;
		};
/* End XCBuildConfiguration section */

/* Begin XCConfigurationList section */
		AB4D1AA524BF488600127361 /* Build configuration list for PBXProject "SAPHanaUsers" */ = {
			isa = XCConfigurationList;
			buildConfigurations = (
				AB4D1ABC24BF488900127361 /* Debug */,
				AB4D1ABD24BF488900127361 /* Release */,
			);
			defaultConfigurationIsVisible = 0;
			defaultConfigurationName = Release;
		};
		AB4D1ABE24BF488900127361 /* Build configuration list for PBXNativeTarget "SAPHanaUsers" */ = {
			isa = XCConfigurationList;
			buildConfigurations = (
				AB4D1ABF24BF488900127361 /* Debug */,
				AB4D1AC024BF488900127361 /* Release */,
			);
			defaultConfigurationIsVisible = 0;
			defaultConfigurationName = Release;
		};
/* End XCConfigurationList section */
	};
	rootObject = AB4D1AA224BF488600127361 /* Project object */;
}
